{
    "_meta": {
        "hash": {
            "sha256": "77c7573a2dcd5681eeb2cc748a112ac3b9f4cdc1ce8dfe4a154d5f5fcb46f39c"
        },
        "pipfile-spec": 6,
        "requires": {
            "python_version": "3.6"
        },
        "sources": [
            {
                "name": "pypi",
                "url": "https://pypi.python.org/simple",
                "verify_ssl": true
            }
        ]
    },
    "default": {
        "cachetools": {
            "hashes": [
                "sha256:89ea6f1b638d5a73a4f9226be57ac5e4f399d22770b92355f92dcb0f7f001693",
                "sha256:92971d3cb7d2a97efff7c7bb1657f21a8f5fb309a37530537c71b1774189f2d1"
            ],
            "markers": "python_version ~= '3.5'",
            "version": "==4.2.4"
        },
        "certifi": {
            "hashes": [
                "sha256:539cc1d13202e33ca466e88b2807e29f4c13049d6d87031a3c110744495cb082",
                "sha256:92d6037539857d8206b8f6ae472e8b77db8058fec5937a1ef3f54304089edbb9"
            ],
            "index": "pypi",
            "version": "==2023.7.22"
        },
        "charset-normalizer": {
            "hashes": [
                "sha256:2857e29ff0d34db842cd7ca3230549d1a697f96ee6d3fb071cfa6c7393832597",
                "sha256:6881edbebdb17b39b4eaaa821b438bf6eddffb4468cf344f09f89def34a8b1df"
            ],
            "markers": "python_version >= '3'",
            "version": "==2.0.12"
        },
        "google-api-core": {
            "hashes": [
                "sha256:0144d467083ed54d2e8ccb4212d42c3724fe0b844b7d3a0ff85aea54b7ae8347",
                "sha256:1698e4af4edd2a8ec22d678fd9abe99c926c3a154b2232f32807946ca49e3da1"
            ],
            "version": "==0.1.4"
        },
        "google-auth": {
            "hashes": [
                "sha256:997516b42ecb5b63e8d80f5632c1a61dddf41d2a4c2748057837e06e00014258",
                "sha256:b7033be9028c188ee30200b204ea00ed82ea1162e8ac1df4aa6ded19a191d88e"
            ],
            "markers": "python_version >= '2.7' and python_version not in '3.0, 3.1, 3.2, 3.3, 3.4, 3.5'",
            "version": "==1.35.0"
        },
        "google-cloud-bigquery": {
            "hashes": [
                "sha256:7f9b7dfcf02aa7403e428dc23a2af3aebca80bfcdc0dd4afa5f70b8d5a69bf96",
                "sha256:98d7f169cd4b64c8a5ff5cca9b0c6234997a3e4fca4be3e51e22e66ef2f1618a"
            ],
            "index": "pypi",
            "version": "==0.29.0"
        },
        "google-cloud-core": {
            "hashes": [
                "sha256:0090df83dbc5cb2405fa90844366d13176d1c0b48181c1807ab15f53be403f73",
                "sha256:89e8140a288acec20c5e56159461d3afa4073570c9758c05d4e6cb7f2f8cc440"
            ],
            "version": "==0.28.1"
        },
        "google-crc32c": {
            "hashes": [
                "sha256:04e7c220798a72fd0f08242bc8d7a05986b2a08a0573396187fd32c1dcdd58b3",
                "sha256:05340b60bf05b574159e9bd940152a47d38af3fb43803ffe71f11d704b7696a6",
                "sha256:12674a4c3b56b706153a358eaa1018c4137a5a04635b92b4652440d3d7386206",
                "sha256:127f9cc3ac41b6a859bd9dc4321097b1a4f6aa7fdf71b4f9227b9e3ebffb4422",
                "sha256:13af315c3a0eec8bb8b8d80b8b128cb3fcd17d7e4edafc39647846345a3f003a",
                "sha256:1926fd8de0acb9d15ee757175ce7242e235482a783cd4ec711cc999fc103c24e",
                "sha256:226f2f9b8e128a6ca6a9af9b9e8384f7b53a801907425c9a292553a3a7218ce0",
                "sha256:276de6273eb074a35bc598f8efbc00c7869c5cf2e29c90748fccc8c898c244df",
                "sha256:318f73f5484b5671f0c7f5f63741ab020a599504ed81d209b5c7129ee4667407",
                "sha256:3bbce1be3687bbfebe29abdb7631b83e6b25da3f4e1856a1611eb21854b689ea",
                "sha256:42ae4781333e331a1743445931b08ebdad73e188fd554259e772556fc4937c48",
                "sha256:58be56ae0529c664cc04a9c76e68bb92b091e0194d6e3c50bea7e0f266f73713",
                "sha256:5da2c81575cc3ccf05d9830f9e8d3c70954819ca9a63828210498c0774fda1a3",
                "sha256:6311853aa2bba4064d0c28ca54e7b50c4d48e3de04f6770f6c60ebda1e975267",
                "sha256:650e2917660e696041ab3dcd7abac160b4121cd9a484c08406f24c5964099829",
                "sha256:6a4db36f9721fdf391646685ecffa404eb986cbe007a3289499020daf72e88a2",
                "sha256:779cbf1ce375b96111db98fca913c1f5ec11b1d870e529b1dc7354b2681a8c3a",
                "sha256:7f6fe42536d9dcd3e2ffb9d3053f5d05221ae3bbcefbe472bdf2c71c793e3183",
                "sha256:891f712ce54e0d631370e1f4997b3f182f3368179198efc30d477c75d1f44942",
                "sha256:95c68a4b9b7828ba0428f8f7e3109c5d476ca44996ed9a5f8aac6269296e2d59",
                "sha256:96a8918a78d5d64e07c8ea4ed2bc44354e3f93f46a4866a40e8db934e4c0d74b",
                "sha256:9c3cf890c3c0ecfe1510a452a165431b5831e24160c5fcf2071f0f85ca5a47cd",
                "sha256:9f58099ad7affc0754ae42e6d87443299f15d739b0ce03c76f515153a5cda06c",
                "sha256:a0b9e622c3b2b8d0ce32f77eba617ab0d6768b82836391e4f8f9e2074582bf02",
                "sha256:a7f9cbea4245ee36190f85fe1814e2d7b1e5f2186381b082f5d59f99b7f11328",
                "sha256:bab4aebd525218bab4ee615786c4581952eadc16b1ff031813a2fd51f0cc7b08",
                "sha256:c124b8c8779bf2d35d9b721e52d4adb41c9bfbde45e6a3f25f0820caa9aba73f",
                "sha256:c9da0a39b53d2fab3e5467329ed50e951eb91386e9d0d5b12daf593973c3b168",
                "sha256:ca60076c388728d3b6ac3846842474f4250c91efbfe5afa872d3ffd69dd4b318",
                "sha256:cb6994fff247987c66a8a4e550ef374671c2b82e3c0d2115e689d21e511a652d",
                "sha256:d1c1d6236feab51200272d79b3d3e0f12cf2cbb12b208c835b175a21efdb0a73",
                "sha256:dd7760a88a8d3d705ff562aa93f8445ead54f58fd482e4f9e2bafb7e177375d4",
                "sha256:dda4d8a3bb0b50f540f6ff4b6033f3a74e8bf0bd5320b70fab2c03e512a62812",
                "sha256:e0f1ff55dde0ebcfbef027edc21f71c205845585fffe30d4ec4979416613e9b3",
                "sha256:e7a539b9be7b9c00f11ef16b55486141bc2cdb0c54762f84e3c6fc091917436d",
                "sha256:eb0b14523758e37802f27b7f8cd973f5f3d33be7613952c0df904b68c4842f0e",
                "sha256:ed447680ff21c14aaceb6a9f99a5f639f583ccfe4ce1a5e1d48eb41c3d6b3217",
                "sha256:f52a4ad2568314ee713715b1e2d79ab55fab11e8b304fd1462ff5cccf4264b3e",
                "sha256:fbd60c6aaa07c31d7754edbc2334aef50601b7f1ada67a96eb1eb57c7c72378f",
                "sha256:fc28e0db232c62ca0c3600884933178f0825c99be4474cdd645e378a10588125",
                "sha256:fe31de3002e7b08eb20823b3735b97c86c5926dd0581c7710a680b418a8709d4",
                "sha256:fec221a051150eeddfdfcff162e6db92c65ecf46cb0f7bb1bf812a1520ec026b",
                "sha256:ff71073ebf0e42258a42a0b34f2c09ec384977e7f6808999102eedd5b49920e3"
            ],
            "markers": "python_version >= '3.6'",
            "version": "==1.3.0"
        },
        "google-resumable-media": {
            "hashes": [
                "sha256:27c52620bd364d1c8116eaac4ea2afcbfb81ae9139fb3199652fcac1724bfb6c",
                "sha256:5b52774ea7a829a8cdaa8bd2d4c3d4bc660c91b30857ab2668d0eb830f4ea8c5"
            ],
            "markers": "python_version >= '3.6'",
            "version": "==2.3.3"
        },
        "googleapis-common-protos": {
            "hashes": [
                "sha256:6f1369b58ed6cf3a4b7054a44ebe8d03b29c309257583a2bbdc064cd1e4a1442",
                "sha256:87955d7b3a73e6e803f2572a33179de23989ebba725e05ea42f24838b792e461"
            ],
            "markers": "python_version >= '3.6'",
            "version": "==1.56.3"
        },
        "idna": {
            "hashes": [
                "sha256:814f528e8dead7d329833b91c5faa87d60bf71824cd12a7530b5526063d02cb4",
                "sha256:90b77e79eaa3eba6de819a0c442c0b4ceefc341a7a2ab77d7562bf49f425c5c2"
            ],
            "markers": "python_version >= '3'",
            "version": "==3.4"
        },
        "protobuf": {
            "hashes": [
                "sha256:010be24d5a44be7b0613750ab40bc8b8cedc796db468eae6c779b395f50d1fa1",
                "sha256:0469bc66160180165e4e29de7f445e57a34ab68f49357392c5b2f54c656ab25e",
                "sha256:0c0714b025ec057b5a7600cb66ce7c693815f897cfda6d6efb58201c472e3437",
                "sha256:11478547958c2dfea921920617eb457bc26867b0d1aa065ab05f35080c5d9eb6",
                "sha256:14082457dc02be946f60b15aad35e9f5c69e738f80ebbc0900a19bc83734a5a4",
                "sha256:2b2d2913bcda0e0ec9a784d194bc490f5dc3d9d71d322d070b11a0ade32ff6ba",
                "sha256:30a15015d86b9c3b8d6bf78d5b8c7749f2512c29f168ca259c9d7727604d0e39",
                "sha256:30f5370d50295b246eaa0296533403961f7e64b03ea12265d6dfce3a391d8992",
                "sha256:347b393d4dd06fb93a77620781e11c058b3b0a5289262f094379ada2920a3730",
                "sha256:4bc98de3cdccfb5cd769620d5785b92c662b6bfad03a202b83799b6ed3fa1fa7",
                "sha256:5057c64052a1f1dd7d4450e9aac25af6bf36cfbfb3a1cd89d16393a036c49157",
                "sha256:559670e006e3173308c9254d63facb2c03865818f22204037ab76f7a0ff70b5f",
                "sha256:5a0d7539a1b1fb7e76bf5faa0b44b30f812758e989e59c40f77a7dab320e79b9",
                "sha256:5f5540d57a43042389e87661c6eaa50f47c19c6176e8cf1c4f287aeefeccb5c4",
                "sha256:7a552af4dc34793803f4e735aabe97ffc45962dfd3a237bdde242bff5a3de684",
                "sha256:84a04134866861b11556a82dd91ea6daf1f4925746b992f277b84013a7cc1229",
                "sha256:878b4cd080a21ddda6ac6d1e163403ec6eea2e206cf225982ae04567d39be7b0",
                "sha256:90b0d02163c4e67279ddb6dc25e063db0130fc299aefabb5d481053509fae5c8",
                "sha256:91d5f1e139ff92c37e0ff07f391101df77e55ebb97f46bbc1535298d72019462",
                "sha256:a8ce5ae0de28b51dff886fb922012dad885e66176663950cb2344c0439ecb473",
                "sha256:aa3b82ca1f24ab5326dcf4ea00fcbda703e986b22f3d27541654f749564d778b",
                "sha256:bb6776bd18f01ffe9920e78e03a8676530a5d6c5911934c6a1ac6eb78973ecb6",
                "sha256:bbf5cea5048272e1c60d235c7bd12ce1b14b8a16e76917f371c718bd3005f045",
                "sha256:c0ccd3f940fe7f3b35a261b1dd1b4fc850c8fde9f74207015431f174be5976b3",
                "sha256:d0b635cefebd7a8a0f92020562dead912f81f401af7e71f16bf9506ff3bdbb38"
            ],
            "markers": "python_version >= '3.5'",
            "version": "==3.19.6"
        },
        "pyasn1": {
            "hashes": [
                "sha256:87a2121042a1ac9358cabcaf1d07680ff97ee6404333bacca15f76aa8ad01a57",
                "sha256:97b7290ca68e62a832558ec3976f15cbf911bf5d7c7039d8b861c2a0ece69fde"
            ],
            "markers": "python_version >= '2.7' and python_version not in '3.0, 3.1, 3.2, 3.3, 3.4, 3.5'",
            "version": "==0.5.0"
        },
        "pyasn1-modules": {
            "hashes": [
                "sha256:5bd01446b736eb9d31512a30d46c1ac3395d676c6f3cafa4c03eb54b9925631c",
                "sha256:d3ccd6ed470d9ffbc716be08bd90efbd44d0734bc9303818f7336070984a162d"
            ],
            "markers": "python_version >= '2.7' and python_version not in '3.0, 3.1, 3.2, 3.3, 3.4, 3.5'",
            "version": "==0.3.0"
        },
        "pytz": {
            "hashes": [
                "sha256:1d8ce29db189191fb55338ee6d0387d82ab59f3d00eac103412d64e0ebd0c588",
                "sha256:a151b3abb88eda1d4e34a9814df37de2a80e301e68ba0fd856fb9b46bfbbbffb"
            ],
            "version": "==2023.3"
        },
        "requests": {
            "hashes": [
                "sha256:68d7c56fd5a8999887728ef304a6d12edc7be74f1cfa47714fc8b414525c9a61",
                "sha256:f22fa1e554c9ddfd16e6e41ac79759e17be9e492b3587efa038054674760e72d"
            ],
            "markers": "python_version >= '2.7' and python_version not in '3.0, 3.1, 3.2, 3.3, 3.4, 3.5'",
            "version": "==2.27.1"
        },
        "rsa": {
            "hashes": [
                "sha256:90260d9058e514786967344d0ef75fa8727eed8a7d2e43ce9f4bcf1b536174f7",
                "sha256:e38464a49c6c85d7f1351b0126661487a7e0a14a50f1675ec50eb34d4f20ef21"
            ],
            "markers": "python_version >= '3.6'",
            "version": "==4.9"
        },
        "setuptools": {
            "hashes": [
                "sha256:22c7348c6d2976a52632c67f7ab0cdf40147db7789f9aed18734643fe9cf3373",
                "sha256:4ce92f1e1f8f01233ee9952c04f6b81d1e02939d6e1b488428154974a4d0783e"
            ],
            "markers": "python_version >= '3.6'",
            "version": "==59.6.0"
        },
        "six": {
            "hashes": [
                "sha256:70e8a77beed4562e7f14fe23a786b54f6296e34344c23bc42f07b15018ff98e9",
                "sha256:832dc0e10feb1aa2c68dcc57dbb658f1c7e65b9b61af69048abc87a2db00a0eb"
            ],
            "index": "pypi",
            "version": "==1.11.0"
        },
        "urllib3": {
            "hashes": [
                "sha256:8d36afa7616d8ab714608411b4a3b13e58f463aee519024578e062e141dce20f",
                "sha256:8f135f6502756bde6b2a9b28989df5fbe87c9970cecaa69041edcce7f0589b14"
            ],
            "markers": "python_version >= '2.7' and python_version not in '3.0, 3.1, 3.2, 3.3, 3.4, 3.5'",
            "version": "==1.26.16"
        }
    },
    "develop": {
        "cachetools": {
            "hashes": [
                "sha256:89ea6f1b638d5a73a4f9226be57ac5e4f399d22770b92355f92dcb0f7f001693",
                "sha256:92971d3cb7d2a97efff7c7bb1657f21a8f5fb309a37530537c71b1774189f2d1"
            ],
            "markers": "python_version ~= '3.5'",
            "version": "==4.2.4"
        },
        "certifi": {
            "hashes": [
                "sha256:539cc1d13202e33ca466e88b2807e29f4c13049d6d87031a3c110744495cb082",
                "sha256:92d6037539857d8206b8f6ae472e8b77db8058fec5937a1ef3f54304089edbb9"
            ],
            "index": "pypi",
            "version": "==2023.7.22"
        },
        "charset-normalizer": {
            "hashes": [
                "sha256:2857e29ff0d34db842cd7ca3230549d1a697f96ee6d3fb071cfa6c7393832597",
                "sha256:6881edbebdb17b39b4eaaa821b438bf6eddffb4468cf344f09f89def34a8b1df"
            ],
            "markers": "python_version >= '3'",
            "version": "==2.0.12"
        },
        "google-api-core": {
            "hashes": [
                "sha256:0144d467083ed54d2e8ccb4212d42c3724fe0b844b7d3a0ff85aea54b7ae8347",
                "sha256:1698e4af4edd2a8ec22d678fd9abe99c926c3a154b2232f32807946ca49e3da1"
            ],
            "version": "==0.1.4"
        },
        "google-auth": {
            "hashes": [
                "sha256:997516b42ecb5b63e8d80f5632c1a61dddf41d2a4c2748057837e06e00014258",
                "sha256:b7033be9028c188ee30200b204ea00ed82ea1162e8ac1df4aa6ded19a191d88e"
            ],
            "markers": "python_version >= '2.7' and python_version not in '3.0, 3.1, 3.2, 3.3, 3.4, 3.5'",
            "version": "==1.35.0"
        },
        "google-cloud-core": {
            "hashes": [
                "sha256:0090df83dbc5cb2405fa90844366d13176d1c0b48181c1807ab15f53be403f73",
                "sha256:89e8140a288acec20c5e56159461d3afa4073570c9758c05d4e6cb7f2f8cc440"
            ],
            "version": "==0.28.1"
        },
        "google-cloud-storage": {
            "hashes": [
                "sha256:16288a2117479acf95f66b59363e9e1b6a53cb2659b1c3bdf21fe15c256c8c05",
                "sha256:91a3699544d3b5c351dab0b542d5498fa75fb224df4c9f4353819a57d7debc3d"
            ],
            "index": "pypi",
            "version": "==1.7.0"
        },
        "google-crc32c": {
            "hashes": [
                "sha256:04e7c220798a72fd0f08242bc8d7a05986b2a08a0573396187fd32c1dcdd58b3",
                "sha256:05340b60bf05b574159e9bd940152a47d38af3fb43803ffe71f11d704b7696a6",
                "sha256:12674a4c3b56b706153a358eaa1018c4137a5a04635b92b4652440d3d7386206",
                "sha256:127f9cc3ac41b6a859bd9dc4321097b1a4f6aa7fdf71b4f9227b9e3ebffb4422",
                "sha256:13af315c3a0eec8bb8b8d80b8b128cb3fcd17d7e4edafc39647846345a3f003a",
                "sha256:1926fd8de0acb9d15ee757175ce7242e235482a783cd4ec711cc999fc103c24e",
                "sha256:226f2f9b8e128a6ca6a9af9b9e8384f7b53a801907425c9a292553a3a7218ce0",
                "sha256:276de6273eb074a35bc598f8efbc00c7869c5cf2e29c90748fccc8c898c244df",
                "sha256:318f73f5484b5671f0c7f5f63741ab020a599504ed81d209b5c7129ee4667407",
                "sha256:3bbce1be3687bbfebe29abdb7631b83e6b25da3f4e1856a1611eb21854b689ea",
                "sha256:42ae4781333e331a1743445931b08ebdad73e188fd554259e772556fc4937c48",
                "sha256:58be56ae0529c664cc04a9c76e68bb92b091e0194d6e3c50bea7e0f266f73713",
                "sha256:5da2c81575cc3ccf05d9830f9e8d3c70954819ca9a63828210498c0774fda1a3",
                "sha256:6311853aa2bba4064d0c28ca54e7b50c4d48e3de04f6770f6c60ebda1e975267",
                "sha256:650e2917660e696041ab3dcd7abac160b4121cd9a484c08406f24c5964099829",
                "sha256:6a4db36f9721fdf391646685ecffa404eb986cbe007a3289499020daf72e88a2",
                "sha256:779cbf1ce375b96111db98fca913c1f5ec11b1d870e529b1dc7354b2681a8c3a",
                "sha256:7f6fe42536d9dcd3e2ffb9d3053f5d05221ae3bbcefbe472bdf2c71c793e3183",
                "sha256:891f712ce54e0d631370e1f4997b3f182f3368179198efc30d477c75d1f44942",
                "sha256:95c68a4b9b7828ba0428f8f7e3109c5d476ca44996ed9a5f8aac6269296e2d59",
                "sha256:96a8918a78d5d64e07c8ea4ed2bc44354e3f93f46a4866a40e8db934e4c0d74b",
                "sha256:9c3cf890c3c0ecfe1510a452a165431b5831e24160c5fcf2071f0f85ca5a47cd",
                "sha256:9f58099ad7affc0754ae42e6d87443299f15d739b0ce03c76f515153a5cda06c",
                "sha256:a0b9e622c3b2b8d0ce32f77eba617ab0d6768b82836391e4f8f9e2074582bf02",
                "sha256:a7f9cbea4245ee36190f85fe1814e2d7b1e5f2186381b082f5d59f99b7f11328",
                "sha256:bab4aebd525218bab4ee615786c4581952eadc16b1ff031813a2fd51f0cc7b08",
                "sha256:c124b8c8779bf2d35d9b721e52d4adb41c9bfbde45e6a3f25f0820caa9aba73f",
                "sha256:c9da0a39b53d2fab3e5467329ed50e951eb91386e9d0d5b12daf593973c3b168",
                "sha256:ca60076c388728d3b6ac3846842474f4250c91efbfe5afa872d3ffd69dd4b318",
                "sha256:cb6994fff247987c66a8a4e550ef374671c2b82e3c0d2115e689d21e511a652d",
                "sha256:d1c1d6236feab51200272d79b3d3e0f12cf2cbb12b208c835b175a21efdb0a73",
                "sha256:dd7760a88a8d3d705ff562aa93f8445ead54f58fd482e4f9e2bafb7e177375d4",
                "sha256:dda4d8a3bb0b50f540f6ff4b6033f3a74e8bf0bd5320b70fab2c03e512a62812",
                "sha256:e0f1ff55dde0ebcfbef027edc21f71c205845585fffe30d4ec4979416613e9b3",
                "sha256:e7a539b9be7b9c00f11ef16b55486141bc2cdb0c54762f84e3c6fc091917436d",
                "sha256:eb0b14523758e37802f27b7f8cd973f5f3d33be7613952c0df904b68c4842f0e",
                "sha256:ed447680ff21c14aaceb6a9f99a5f639f583ccfe4ce1a5e1d48eb41c3d6b3217",
                "sha256:f52a4ad2568314ee713715b1e2d79ab55fab11e8b304fd1462ff5cccf4264b3e",
                "sha256:fbd60c6aaa07c31d7754edbc2334aef50601b7f1ada67a96eb1eb57c7c72378f",
                "sha256:fc28e0db232c62ca0c3600884933178f0825c99be4474cdd645e378a10588125",
                "sha256:fe31de3002e7b08eb20823b3735b97c86c5926dd0581c7710a680b418a8709d4",
                "sha256:fec221a051150eeddfdfcff162e6db92c65ecf46cb0f7bb1bf812a1520ec026b",
                "sha256:ff71073ebf0e42258a42a0b34f2c09ec384977e7f6808999102eedd5b49920e3"
            ],
            "markers": "python_version >= '3.6'",
            "version": "==1.3.0"
        },
        "google-resumable-media": {
            "hashes": [
                "sha256:27c52620bd364d1c8116eaac4ea2afcbfb81ae9139fb3199652fcac1724bfb6c",
                "sha256:5b52774ea7a829a8cdaa8bd2d4c3d4bc660c91b30857ab2668d0eb830f4ea8c5"
            ],
            "markers": "python_version >= '3.6'",
            "version": "==2.3.3"
        },
        "googleapis-common-protos": {
            "hashes": [
                "sha256:6f1369b58ed6cf3a4b7054a44ebe8d03b29c309257583a2bbdc064cd1e4a1442",
                "sha256:87955d7b3a73e6e803f2572a33179de23989ebba725e05ea42f24838b792e461"
            ],
            "markers": "python_version >= '3.6'",
            "version": "==1.56.3"
        },
        "idna": {
            "hashes": [
                "sha256:814f528e8dead7d329833b91c5faa87d60bf71824cd12a7530b5526063d02cb4",
                "sha256:90b77e79eaa3eba6de819a0c442c0b4ceefc341a7a2ab77d7562bf49f425c5c2"
            ],
            "markers": "python_version >= '3'",
            "version": "==3.4"
        },
        "importlib-resources": {
            "hashes": [
                "sha256:33a95faed5fc19b4bc16b29a6eeae248a3fe69dd55d4d229d2b480e23eeaad45",
                "sha256:d756e2f85dd4de2ba89be0b21dba2a3bbec2e871a42a3a16719258a11f87506b"
            ],
            "markers": "python_version < '3.7'",
            "version": "==5.4.0"
        },
        "isort": {
            "hashes": [
                "sha256:79f46172d3a4e2e53e7016e663cc7a8b538bec525c36675fcfd2767df30b3983",
                "sha256:cd5d3fc2c16006b567a17193edf4ed9830d9454cbeb5a42ac80b36ea00c23db4"
            ],
            "index": "pypi",
            "version": "==4.2.15"
        },
        "numpy": {
            "hashes": [
                "sha256:012426a41bc9ab63bb158635aecccc7610e3eff5d31d1eb43bc099debc979d94",
                "sha256:06fab248a088e439402141ea04f0fffb203723148f6ee791e9c75b3e9e82f080",
                "sha256:0eef32ca3132a48e43f6a0f5a82cb508f22ce5a3d6f67a8329c81c8e226d3f6e",
                "sha256:1ded4fce9cfaaf24e7a0ab51b7a87be9038ea1ace7f34b841fe3b6894c721d1c",
                "sha256:2e55195bc1c6b705bfd8ad6f288b38b11b1af32f3c8289d6c50d47f950c12e76",
                "sha256:2ea52bd92ab9f768cc64a4c3ef8f4b2580a17af0a5436f6126b08efbd1838371",
                "sha256:36674959eed6957e61f11c912f71e78857a8d0604171dfd9ce9ad5cbf41c511c",
                "sha256:384ec0463d1c2671170901994aeb6dce126de0a95ccc3976c43b0038a37329c2",
                "sha256:39b70c19ec771805081578cc936bbe95336798b7edf4732ed102e7a43ec5c07a",
                "sha256:400580cbd3cff6ffa6293df2278c75aef2d58d8d93d3c5614cd67981dae68ceb",
                "sha256:43d4c81d5ffdff6bae58d66a3cd7f54a7acd9a0e7b18d97abb255defc09e3140",
                "sha256:50a4a0ad0111cc1b71fa32dedd05fa239f7fb5a43a40663269bb5dc7877cfd28",
                "sha256:603aa0706be710eea8884af807b1b3bc9fb2e49b9f4da439e76000f3b3c6ff0f",
                "sha256:6149a185cece5ee78d1d196938b2a8f9d09f5a5ebfbba66969302a778d5ddd1d",
                "sha256:759e4095edc3c1b3ac031f34d9459fa781777a93ccc633a472a5468587a190ff",
                "sha256:7fb43004bce0ca31d8f13a6eb5e943fa73371381e53f7074ed21a4cb786c32f8",
                "sha256:811daee36a58dc79cf3d8bdd4a490e4277d0e4b7d103a001a4e73ddb48e7e6aa",
                "sha256:8b5e972b43c8fc27d56550b4120fe6257fdc15f9301914380b27f74856299fea",
                "sha256:99abf4f353c3d1a0c7a5f27699482c987cf663b1eac20db59b8c7b061eabd7fc",
                "sha256:a0d53e51a6cb6f0d9082decb7a4cb6dfb33055308c4c44f53103c073f649af73",
                "sha256:a12ff4c8ddfee61f90a1633a4c4afd3f7bcb32b11c52026c92a12e1325922d0d",
                "sha256:a4646724fba402aa7504cd48b4b50e783296b5e10a524c7a6da62e4a8ac9698d",
                "sha256:a76f502430dd98d7546e1ea2250a7360c065a5fdea52b2dffe8ae7180909b6f4",
                "sha256:a9d17f2be3b427fbb2bce61e596cf555d6f8a56c222bd2ca148baeeb5e5c783c",
                "sha256:ab83f24d5c52d60dbc8cd0528759532736b56db58adaa7b5f1f76ad551416a1e",
                "sha256:aeb9ed923be74e659984e321f609b9ba54a48354bfd168d21a2b072ed1e833ea",
                "sha256:c843b3f50d1ab7361ca4f0b3639bf691569493a56808a0b0c54a051d260b7dbd",
                "sha256:cae865b1cae1ec2663d8ea56ef6ff185bad091a5e33ebbadd98de2cfa3fa668f",
                "sha256:cc6bd4fd593cb261332568485e20a0712883cf631f6f5e8e86a52caa8b2b50ff",
                "sha256:cf2402002d3d9f91c8b01e66fbb436a4ed01c6498fffed0e4c7566da1d40ee1e",
                "sha256:d051ec1c64b85ecc69531e1137bb9751c6830772ee5c1c426dbcfe98ef5788d7",
                "sha256:d6631f2e867676b13026e2846180e2c13c1e11289d67da08d71cacb2cd93d4aa",
                "sha256:dbd18bcf4889b720ba13a27ec2f2aac1981bd41203b3a3b27ba7a33f88ae4827",
                "sha256:df609c82f18c5b9f6cb97271f03315ff0dbe481a2a02e56aeb1b1a985ce38e60"
            ],
            "markers": "python_version >= '3.6'",
            "version": "==1.19.5"
        },
        "pandas": {
            "hashes": [
                "sha256:02541a4fdd31315f213a5c8e18708abad719ee03eda05f603c4fe973e9b9d770",
                "sha256:052a66f58783a59ea38fdfee25de083b107baa81fdbe38fabd169d0f9efce2bf",
                "sha256:06efae5c00b9f4c6e6d3fe1eb52e590ff0ea8e5cb58032c724e04d31c540de53",
                "sha256:12f2a19d0b0adf31170d98d0e8bcbc59add0965a9b0c65d39e0665400491c0c5",
                "sha256:244ae0b9e998cfa88452a49b20e29bf582cc7c0e69093876d505aec4f8e1c7fe",
                "sha256:2907f3fe91ca2119ac3c38de6891bbbc83333bfe0d98309768fee28de563ee7a",
                "sha256:44a94091dd71f05922eec661638ec1a35f26d573c119aa2fad964f10a2880e6c",
                "sha256:587a9816cc663c958fcff7907c553b73fe196604f990bc98e1b71ebf07e45b44",
                "sha256:66403162c8b45325a995493bdd78ad4d8be085e527d721dbfa773d56fbba9c88",
                "sha256:68ac484e857dcbbd07ea7c6f516cc67f7f143f5313d9bc661470e7f473528882",
                "sha256:68b121d13177f5128a4c118bb4f73ba40df28292c038389961aa55ea5a996427",
                "sha256:97c8223d42d43d86ca359a57b4702ca0529c6553e83d736e93a5699951f0f8db",
                "sha256:af0dbac881f6f87acd325415adea0ce8cccf28f5d4ad7a54b6a1e176e2f7bf70",
                "sha256:c2cd884794924687edbaad40d18ac984054d247bb877890932c4d41e3c3aba31",
                "sha256:c372db80a5bcb143c9cb254d50f902772c3b093a4f965275197ec2d2184b1e61"
            ],
            "index": "pypi",
            "version": "==0.22.0"
        },
        "pkginfo": {
            "hashes": [
                "sha256:4b7a555a6d5a22169fcc9cf7bfd78d296b0361adad412a346c1226849af5e546",
                "sha256:8fd5896e8718a4372f0ea9cc9d96f6417c9b986e23a4d116dda26b62cc29d046"
            ],
            "markers": "python_version >= '3.6'",
            "version": "==1.9.6"
        },
        "protobuf": {
            "hashes": [
                "sha256:010be24d5a44be7b0613750ab40bc8b8cedc796db468eae6c779b395f50d1fa1",
                "sha256:0469bc66160180165e4e29de7f445e57a34ab68f49357392c5b2f54c656ab25e",
                "sha256:0c0714b025ec057b5a7600cb66ce7c693815f897cfda6d6efb58201c472e3437",
                "sha256:11478547958c2dfea921920617eb457bc26867b0d1aa065ab05f35080c5d9eb6",
                "sha256:14082457dc02be946f60b15aad35e9f5c69e738f80ebbc0900a19bc83734a5a4",
                "sha256:2b2d2913bcda0e0ec9a784d194bc490f5dc3d9d71d322d070b11a0ade32ff6ba",
                "sha256:30a15015d86b9c3b8d6bf78d5b8c7749f2512c29f168ca259c9d7727604d0e39",
                "sha256:30f5370d50295b246eaa0296533403961f7e64b03ea12265d6dfce3a391d8992",
                "sha256:347b393d4dd06fb93a77620781e11c058b3b0a5289262f094379ada2920a3730",
                "sha256:4bc98de3cdccfb5cd769620d5785b92c662b6bfad03a202b83799b6ed3fa1fa7",
                "sha256:5057c64052a1f1dd7d4450e9aac25af6bf36cfbfb3a1cd89d16393a036c49157",
                "sha256:559670e006e3173308c9254d63facb2c03865818f22204037ab76f7a0ff70b5f",
                "sha256:5a0d7539a1b1fb7e76bf5faa0b44b30f812758e989e59c40f77a7dab320e79b9",
                "sha256:5f5540d57a43042389e87661c6eaa50f47c19c6176e8cf1c4f287aeefeccb5c4",
                "sha256:7a552af4dc34793803f4e735aabe97ffc45962dfd3a237bdde242bff5a3de684",
                "sha256:84a04134866861b11556a82dd91ea6daf1f4925746b992f277b84013a7cc1229",
                "sha256:878b4cd080a21ddda6ac6d1e163403ec6eea2e206cf225982ae04567d39be7b0",
                "sha256:90b0d02163c4e67279ddb6dc25e063db0130fc299aefabb5d481053509fae5c8",
                "sha256:91d5f1e139ff92c37e0ff07f391101df77e55ebb97f46bbc1535298d72019462",
                "sha256:a8ce5ae0de28b51dff886fb922012dad885e66176663950cb2344c0439ecb473",
                "sha256:aa3b82ca1f24ab5326dcf4ea00fcbda703e986b22f3d27541654f749564d778b",
                "sha256:bb6776bd18f01ffe9920e78e03a8676530a5d6c5911934c6a1ac6eb78973ecb6",
                "sha256:bbf5cea5048272e1c60d235c7bd12ce1b14b8a16e76917f371c718bd3005f045",
                "sha256:c0ccd3f940fe7f3b35a261b1dd1b4fc850c8fde9f74207015431f174be5976b3",
                "sha256:d0b635cefebd7a8a0f92020562dead912f81f401af7e71f16bf9506ff3bdbb38"
            ],
            "markers": "python_version >= '3.5'",
            "version": "==3.19.6"
        },
        "pyasn1": {
            "hashes": [
                "sha256:87a2121042a1ac9358cabcaf1d07680ff97ee6404333bacca15f76aa8ad01a57",
                "sha256:97b7290ca68e62a832558ec3976f15cbf911bf5d7c7039d8b861c2a0ece69fde"
            ],
            "markers": "python_version >= '2.7' and python_version not in '3.0, 3.1, 3.2, 3.3, 3.4, 3.5'",
            "version": "==0.5.0"
        },
        "pyasn1-modules": {
            "hashes": [
                "sha256:5bd01446b736eb9d31512a30d46c1ac3395d676c6f3cafa4c03eb54b9925631c",
                "sha256:d3ccd6ed470d9ffbc716be08bd90efbd44d0734bc9303818f7336070984a162d"
            ],
            "markers": "python_version >= '2.7' and python_version not in '3.0, 3.1, 3.2, 3.3, 3.4, 3.5'",
            "version": "==0.3.0"
        },
        "python-dateutil": {
            "hashes": [
                "sha256:0123cacc1627ae19ddf3c27a5de5bd67ee4586fbdd6440d9748f8abb483d3e86",
                "sha256:961d03dc3453ebbc59dbdea9e4e11c5651520a876d0f4db161e8674aae935da9"
            ],
            "markers": "python_version >= '2.7' and python_version not in '3.0, 3.1, 3.2, 3.3'",
            "version": "==2.8.2"
        },
        "pytz": {
            "hashes": [
                "sha256:1d8ce29db189191fb55338ee6d0387d82ab59f3d00eac103412d64e0ebd0c588",
                "sha256:a151b3abb88eda1d4e34a9814df37de2a80e301e68ba0fd856fb9b46bfbbbffb"
            ],
            "version": "==2023.3"
        },
        "requests": {
            "hashes": [
                "sha256:68d7c56fd5a8999887728ef304a6d12edc7be74f1cfa47714fc8b414525c9a61",
                "sha256:f22fa1e554c9ddfd16e6e41ac79759e17be9e492b3587efa038054674760e72d"
            ],
            "markers": "python_version >= '2.7' and python_version not in '3.0, 3.1, 3.2, 3.3, 3.4, 3.5'",
            "version": "==2.27.1"
        },
        "requests-toolbelt": {
            "hashes": [
                "sha256:7681a0a3d047012b5bdc0ee37d7f8f07ebe76ab08caeccfc3921ce23c88d5bc6",
                "sha256:cccfdd665f0a24fcf4726e690f65639d272bb0637b9b92dfd91a5568ccf6bd06"
            ],
            "markers": "python_version >= '2.7' and python_version not in '3.0, 3.1, 3.2, 3.3'",
            "version": "==1.0.0"
        },
        "rsa": {
            "hashes": [
                "sha256:90260d9058e514786967344d0ef75fa8727eed8a7d2e43ce9f4bcf1b536174f7",
                "sha256:e38464a49c6c85d7f1351b0126661487a7e0a14a50f1675ec50eb34d4f20ef21"
            ],
            "markers": "python_version >= '3.6'",
            "version": "==4.9"
        },
        "setuptools": {
            "hashes": [
                "sha256:22c7348c6d2976a52632c67f7ab0cdf40147db7789f9aed18734643fe9cf3373",
                "sha256:4ce92f1e1f8f01233ee9952c04f6b81d1e02939d6e1b488428154974a4d0783e"
            ],
            "markers": "python_version >= '3.6'",
            "version": "==59.6.0"
        },
        "six": {
            "hashes": [
                "sha256:70e8a77beed4562e7f14fe23a786b54f6296e34344c23bc42f07b15018ff98e9",
                "sha256:832dc0e10feb1aa2c68dcc57dbb658f1c7e65b9b61af69048abc87a2db00a0eb"
            ],
            "index": "pypi",
            "version": "==1.11.0"
        },
        "tqdm": {
            "hashes": [
                "sha256:5f4f682a004951c1b450bc753c710e9280c5746ce6ffedee253ddbcbf54cf1e4",
                "sha256:6fee160d6ffcd1b1c68c65f14c829c22832bc401726335ce92c52d395944a6a1"
            ],
            "markers": "python_version >= '2.7' and python_version not in '3.0, 3.1, 3.2, 3.3'",
            "version": "==4.64.1"
        },
        "twine": {
            "hashes": [
                "sha256:caa45b7987fc96321258cd7668e3be2ff34064f5c66d2d975b641adca659c1ab",
                "sha256:d3ce5c480c22ccfb761cd358526e862b32546d2fe4bc93d46b5cf04ea3cc46ca"
            ],
            "index": "pypi",
            "version": "==1.9.1"
        },
        "typing": {
            "hashes": [
                "sha256:349b1f9c109c84b53ac79ac1d822eaa68fc91d63b321bd9392df15098f746f53",
                "sha256:63a8255fe7c6269916baa440eb9b6a67139b0b97a01af632e7bd2842e1e02f15",
                "sha256:d514bd84b284dd3e844f0305ac07511f097e325171f6cc4a20878d11ad771849"
            ],
            "index": "pypi",
            "version": "==3.6.2"
        },
        "urllib3": {
            "hashes": [
                "sha256:8d36afa7616d8ab714608411b4a3b13e58f463aee519024578e062e141dce20f",
                "sha256:8f135f6502756bde6b2a9b28989df5fbe87c9970cecaa69041edcce7f0589b14"
            ],
            "markers": "python_version >= '2.7' and python_version not in '3.0, 3.1, 3.2, 3.3, 3.4, 3.5'",
            "version": "==1.26.16"
        },
        "yapf": {
            "hashes": [
                "sha256:a0bbc8ed274609f9c7575a5d69056fa393e26a778b3e070a72f4998b8e90c3cd",
                "sha256:bd19f246be7193ad2acdc04702b92315f1ae28d49c82f6671afdeefe9d32f468"
            ],
            "index": "pypi",
            "version": "==0.20.1"
        },
        "zipp": {
            "hashes": [
                "sha256:71c644c5369f4a6e07636f0aa966270449561fcea2e3d6747b8d23efaa9d7832",
                "sha256:9fe5ea21568a0a70e50f273397638d39b03353731e6cbbb3fd8502a33fec40bc"
            ],
            "markers": "python_version < '3.10'",
            "version": "==3.6.0"
        }
    }
}
